
Microsoft Visual Studio Solution File, Format Version 12.00
# Visual Studio Version 17
VisualStudioVersion = 17.8.34112.27
MinimumVisualStudioVersion = 10.0.40219.1
Project("{FAE04EC0-301F-11D3-BF4B-00C04F79EFBC}") = "WinBeta_Videos", "WinBeta_Videos\WinBeta_Videos.csproj", "{0372C086-20C4-41FD-93EA-AE0092F8B0DF}"
EndProject
Project("{FAE04EC0-301F-11D3-BF4B-00C04F79EFBC}") = "MyToolkit", "MyToolkit\MyToolkit.csproj", "{F01F49C0-5DA2-4757-B4E0-02EC7A187DED}"
EndProject
Project("{D954291E-2A0B-460D-934E-DC6B0785DB48}") = "MyToolkit.Extended", "MyToolkit.Extended\MyToolkit.Extended.shproj", "{625D4222-CE80-4703-AB84-D6B876ECAB16}"
EndProject
Project("{FAE04EC0-301F-11D3-BF4B-00C04F79EFBC}") = "MyToolkit.Extended.Uwp", "MyToolkit.Extended.Uwp\MyToolkit.Extended.Uwp.csproj", "{28CDF611-02D2-474C-AC37-616024CAF0C1}"
EndProject
Global
	GlobalSection(SolutionConfigurationPlatforms) = preSolution
		Debug|Any CPU = Debug|Any CPU
		Debug|ARM = Debug|ARM
		Debug|x64 = Debug|x64
		Debug|x86 = Debug|x86
		Release|Any CPU = Release|Any CPU
		Release|ARM = Release|ARM
		Release|x64 = Release|x64
		Release|x86 = Release|x86
	EndGlobalSection
	GlobalSection(ProjectConfigurationPlatforms) = postSolution
		{0372C086-20C4-41FD-93EA-AE0092F8B0DF}.Debug|Any CPU.ActiveCfg = Debug|x64
		{0372C086-20C4-41FD-93EA-AE0092F8B0DF}.Debug|Any CPU.Build.0 = Debug|x64
		{0372C086-20C4-41FD-93EA-AE0092F8B0DF}.Debug|Any CPU.Deploy.0 = Debug|x64
		{0372C086-20C4-41FD-93EA-AE0092F8B0DF}.Debug|ARM.ActiveCfg = Debug|ARM
		{0372C086-20C4-41FD-93EA-AE0092F8B0DF}.Debug|ARM.Build.0 = Debug|ARM
		{0372C086-20C4-41FD-93EA-AE0092F8B0DF}.Debug|ARM.Deploy.0 = Debug|ARM
		{0372C086-20C4-41FD-93EA-AE0092F8B0DF}.Debug|x64.ActiveCfg = Debug|x64
		{0372C086-20C4-41FD-93EA-AE0092F8B0DF}.Debug|x64.Build.0 = Debug|x64
		{0372C086-20C4-41FD-93EA-AE0092F8B0DF}.Debug|x64.Deploy.0 = Debug|x64
		{0372C086-20C4-41FD-93EA-AE0092F8B0DF}.Debug|x86.ActiveCfg = Debug|x86
		{0372C086-20C4-41FD-93EA-AE0092F8B0DF}.Debug|x86.Build.0 = Debug|x86
		{0372C086-20C4-41FD-93EA-AE0092F8B0DF}.Debug|x86.Deploy.0 = Debug|x86
		{0372C086-20C4-41FD-93EA-AE0092F8B0DF}.Release|Any CPU.ActiveCfg = Release|x64
		{0372C086-20C4-41FD-93EA-AE0092F8B0DF}.Release|Any CPU.Build.0 = Release|x64
		{0372C086-20C4-41FD-93EA-AE0092F8B0DF}.Release|Any CPU.Deploy.0 = Release|x64
		{0372C086-20C4-41FD-93EA-AE0092F8B0DF}.Release|ARM.ActiveCfg = Release|ARM
		{0372C086-20C4-41FD-93EA-AE0092F8B0DF}.Release|ARM.Build.0 = Release|ARM
		{0372C086-20C4-41FD-93EA-AE0092F8B0DF}.Release|ARM.Deploy.0 = Release|ARM
		{0372C086-20C4-41FD-93EA-AE0092F8B0DF}.Release|x64.ActiveCfg = Release|x64
		{0372C086-20C4-41FD-93EA-AE0092F8B0DF}.Release|x64.Build.0 = Release|x64
		{0372C086-20C4-41FD-93EA-AE0092F8B0DF}.Release|x64.Deploy.0 = Release|x64
		{0372C086-20C4-41FD-93EA-AE0092F8B0DF}.Release|x86.ActiveCfg = Release|x86
		{0372C086-20C4-41FD-93EA-AE0092F8B0DF}.Release|x86.Build.0 = Release|x86
		{0372C086-20C4-41FD-93EA-AE0092F8B0DF}.Release|x86.Deploy.0 = Release|x86
		{F01F49C0-5DA2-4757-B4E0-02EC7A187DED}.Debug|Any CPU.ActiveCfg = Debug|Any CPU
		{F01F49C0-5DA2-4757-B4E0-02EC7A187DED}.Debug|Any CPU.Build.0 = Debug|Any CPU
		{F01F49C0-5DA2-4757-B4E0-02EC7A187DED}.Debug|ARM.ActiveCfg = Debug|Any CPU
		{F01F49C0-5DA2-4757-B4E0-02EC7A187DED}.Debug|ARM.Build.0 = Debug|Any CPU
		{F01F49C0-5DA2-4757-B4E0-02EC7A187DED}.Debug|x64.ActiveCfg = Debug|Any CPU
		{F01F49C0-5DA2-4757-B4E0-02EC7A187DED}.Debug|x64.Build.0 = Debug|Any CPU
		{F01F49C0-5DA2-4757-B4E0-02EC7A187DED}.Debug|x86.ActiveCfg = Debug|Any CPU
		{F01F49C0-5DA2-4757-B4E0-02EC7A187DED}.Debug|x86.Build.0 = Debug|Any CPU
		{F01F49C0-5DA2-4757-B4E0-02EC7A187DED}.Release|Any CPU.ActiveCfg = Release|Any CPU
		{F01F49C0-5DA2-4757-B4E0-02EC7A187DED}.Release|Any CPU.Build.0 = Release|Any CPU
		{F01F49C0-5DA2-4757-B4E0-02EC7A187DED}.Release|ARM.ActiveCfg = Release|Any CPU
		{F01F49C0-5DA2-4757-B4E0-02EC7A187DED}.Release|ARM.Build.0 = Release|Any CPU
		{F01F49C0-5DA2-4757-B4E0-02EC7A187DED}.Release|x64.ActiveCfg = Release|Any CPU
		{F01F49C0-5DA2-4757-B4E0-02EC7A187DED}.Release|x64.Build.0 = Release|Any CPU
		{F01F49C0-5DA2-4757-B4E0-02EC7A187DED}.Release|x86.ActiveCfg = Release|Any CPU
		{F01F49C0-5DA2-4757-B4E0-02EC7A187DED}.Release|x86.Build.0 = Release|Any CPU
		{28CDF611-02D2-474C-AC37-616024CAF0C1}.Debug|Any CPU.ActiveCfg = Debug|Any CPU
		{28CDF611-02D2-474C-AC37-616024CAF0C1}.Debug|Any CPU.Build.0 = Debug|Any CPU
		{28CDF611-02D2-474C-AC37-616024CAF0C1}.Debug|ARM.ActiveCfg = Debug|ARM
		{28CDF611-02D2-474C-AC37-616024CAF0C1}.Debug|ARM.Build.0 = Debug|ARM
		{28CDF611-02D2-474C-AC37-616024CAF0C1}.Debug|x64.ActiveCfg = Debug|x64
		{28CDF611-02D2-474C-AC37-616024CAF0C1}.Debug|x64.Build.0 = Debug|x64
		{28CDF611-02D2-474C-AC37-616024CAF0C1}.Debug|x86.ActiveCfg = Debug|x86
		{28CDF611-02D2-474C-AC37-616024CAF0C1}.Debug|x86.Build.0 = Debug|x86
		{28CDF611-02D2-474C-AC37-616024CAF0C1}.Release|Any CPU.ActiveCfg = Release|Any CPU
		{28CDF611-02D2-474C-AC37-616024CAF0C1}.Release|Any CPU.Build.0 = Release|Any CPU
		{28CDF611-02D2-474C-AC37-616024CAF0C1}.Release|ARM.ActiveCfg = Release|ARM
		{28CDF611-02D2-474C-AC37-616024CAF0C1}.Release|ARM.Build.0 = Release|ARM
		{28CDF611-02D2-474C-AC37-616024CAF0C1}.Release|x64.ActiveCfg = Release|x64
		{28CDF611-02D2-474C-AC37-616024CAF0C1}.Release|x64.Build.0 = Release|x64
		{28CDF611-02D2-474C-AC37-616024CAF0C1}.Release|x86.ActiveCfg = Release|x86
		{28CDF611-02D2-474C-AC37-616024CAF0C1}.Release|x86.Build.0 = Release|x86
	EndGlobalSection
	GlobalSection(SolutionProperties) = preSolution
		HideSolutionNode = FALSE
	EndGlobalSection
	GlobalSection(ExtensibilityGlobals) = postSolution
		SolutionGuid = {A90037B9-0278-4C03-8F31-937DC77595D2}
	EndGlobalSection
	GlobalSection(SharedMSBuildProjectFiles) = preSolution
		MyToolkit.Extended\MyToolkit.Extended.projitems*{28cdf611-02d2-474c-ac37-616024caf0c1}*SharedItemsImports = 4
		MyToolkit.Extended\MyToolkit.Extended.projitems*{625d4222-ce80-4703-ab84-d6b876ecab16}*SharedItemsImports = 13
	EndGlobalSection
EndGlobal
